
Microsoft Visual Studio Solution File, Format Version 12.00
# Visual Studio Version 17
VisualStudioVersion = 17.11.35222.181
MinimumVisualStudioVersion = 10.0.40219.1
Project("{FAE04EC0-301F-11D3-BF4B-00C04F79EFBC}") = "test3", "test3.csproj", "{28FFBD67-EE94-40DE-A29A-5837AEF2E599}"
EndProject
Global
	GlobalSection(SolutionConfigurationPlatforms) = preSolution
		Debug|Any CPU = Debug|Any CPU
		Release|Any CPU = Release|Any CPU
	EndGlobalSection
	GlobalSection(ProjectConfigurationPlatforms) = postSolution
		{28FFBD67-EE94-40DE-A29A-5837AEF2E599}.Debug|Any CPU.ActiveCfg = Debug|Any CPU
		{28FFBD67-EE94-40DE-A29A-5837AEF2E599}.Debug|Any CPU.Build.0 = Debug|Any CPU
		{28FFBD67-EE94-40DE-A29A-5837AEF2E599}.Release|Any CPU.ActiveCfg = Release|Any CPU
		{28FFBD67-EE94-40DE-A29A-5837AEF2E599}.Release|Any CPU.Build.0 = Release|Any CPU
	EndGlobalSection
	GlobalSection(SolutionProperties) = preSolution
		HideSolutionNode = FALSE
	EndGlobalSection
	GlobalSection(ExtensibilityGlobals) = postSolution
		SolutionGuid = {E29938C0-0D41-430B-8B38-A93B949A7B6D}
	EndGlobalSection
EndGlobal
